# This file is autogenerated, do not edit; changes may be undone by the next 'dep ensure'.


[[projects]]
  branch = "master"
  name = "github.com/dhowden/tag"
  packages = ["."]
  revision = "e80a3fa76a9645b4a90127deab5b271d8c5bcf85"

[[projects]]
  name = "github.com/gizak/termui"
  packages = ["."]
  revision = "24acd523c756fd9728824cdfac66aad9d8982fb7"
  version = "v2.2.0"

[[projects]]
  name = "github.com/maruel/panicparse"
  packages = ["stack"]
  revision = "785840568bdc7faa0dfb1cd6c643207f03271f64"
  version = "v1.1.1"

[[projects]]
  name = "github.com/mattn/go-runewidth"
  packages = ["."]
  revision = "9e777a8366cce605130a531d2cd6363d07ad7317"
  version = "v0.0.2"

[[projects]]
  branch = "master"
  name = "github.com/mitchellh/go-wordwrap"
  packages = ["."]
  revision = "ad45545899c7b13c020ea92b2072220eefad42b8"

[[projects]]
  branch = "master"
  name = "github.com/nsf/termbox-go"
  packages = ["."]
  revision = "5a49b82160547cc98fca189a677a1c14eff796f8"

[[projects]]
  name = "github.com/veandco/go-sdl2"
  packages = [
    "mix",
    "sdl"
  ]
  revision = "271d2ec43388932fd2a80f4c2e81021734685a62"
  version = "v0.3"

[solve-meta]
  analyzer-name = "dep"
  analyzer-version = 1
  inputs-digest = "174b81220146f426cbf9c2012d5c5b8dcdedd1e95d57bf0fd52581cb9e525c5b"
  solver-name = "gps-cdcl"
  solver-version = 1
